
Microsoft Visual Studio Solution File, Format Version 12.00
# Visual Studio 14
VisualStudioVersion = 14.0.25420.1
MinimumVisualStudioVersion = 10.0.40219.1
Project("{FAE04EC0-301F-11D3-BF4B-00C04F79EFBC}") = "CommServer", "CommServer\CommServer.csproj", "{405FA6CC-8D1B-496D-AB86-E4F97F16C4C9}"
EndProject
Project("{FAE04EC0-301F-11D3-BF4B-00C04F79EFBC}") = "CommServer.Sql", "CommServer.Sql\CommServer.Sql.csproj", "{67A61827-C452-456B-906A-7F60FAFC5BD3}"
EndProject
Global
	GlobalSection(SolutionConfigurationPlatforms) = preSolution
		Debug|Any CPU = Debug|Any CPU
		Release|Any CPU = Release|Any CPU
	EndGlobalSection
	GlobalSection(ProjectConfigurationPlatforms) = postSolution
		{405FA6CC-8D1B-496D-AB86-E4F97F16C4C9}.Debug|Any CPU.ActiveCfg = Debug|Any CPU
		{405FA6CC-8D1B-496D-AB86-E4F97F16C4C9}.Debug|Any CPU.Build.0 = Debug|Any CPU
		{405FA6CC-8D1B-496D-AB86-E4F97F16C4C9}.Release|Any CPU.ActiveCfg = Release|Any CPU
		{405FA6CC-8D1B-496D-AB86-E4F97F16C4C9}.Release|Any CPU.Build.0 = Release|Any CPU
		{67A61827-C452-456B-906A-7F60FAFC5BD3}.Debug|Any CPU.ActiveCfg = Debug|Any CPU
		{67A61827-C452-456B-906A-7F60FAFC5BD3}.Debug|Any CPU.Build.0 = Debug|Any CPU
		{67A61827-C452-456B-906A-7F60FAFC5BD3}.Release|Any CPU.ActiveCfg = Release|Any CPU
		{67A61827-C452-456B-906A-7F60FAFC5BD3}.Release|Any CPU.Build.0 = Release|Any CPU
	EndGlobalSection
	GlobalSection(SolutionProperties) = preSolution
		HideSolutionNode = FALSE
	EndGlobalSection
EndGlobal
